#MicroXplorer Configuration settings - do not modify
Mcu.Family=STM32F1
ProjectManager.MainLocation=Core/Src
PA6.Mode=Full_Duplex_Master
ProjectManager.ProjectFileName=RFID_2.ioc
PA7.Mode=Full_Duplex_Master
PD1-OSC_OUT.Mode=HSE-External-Oscillator
ProjectManager.KeepUserCode=true
PA10.Mode=Asynchronous
Mcu.UserName=STM32F103C6Tx
Mcu.PinsNb=15
SPI1.VirtualType=VM_MASTER
ProjectManager.NoMain=false
SPI1.IPParameters=VirtualType,Mode,Direction,CalculateBaudRate
USART1.BaudRate=9600
RCC.PLLCLKFreq_Value=8000000
PC13-TAMPER-RTC.GPIOParameters=GPIO_Label
ProjectManager.functionlistsort=1-MX_GPIO_Init-GPIO-false-HAL-true,2-SystemClock_Config-RCC-false-HAL-false,3-MX_SPI1_Init-SPI1-false-HAL-true,4-MX_TIM2_Init-TIM2-false-HAL-true,5-MX_USART1_UART_Init-USART1-false-HAL-true
PC13-TAMPER-RTC.Signal=GPIO_Output
ProjectManager.DefaultFWLocation=true
PD0-OSC_IN.Signal=RCC_OSC_IN
ProjectManager.DeletePrevious=true
TIM2.Channel-PWM\ Generation2\ CH2=TIM_CHANNEL_2
USART1.IPParameters=VirtualMode,BaudRate
PinOutPanel.RotationAngle=0
RCC.FamilyName=M
ProjectManager.StackSize=0x400
PD1-OSC_OUT.Signal=RCC_OSC_OUT
PA13.Signal=SYS_JTMS-SWDIO
Mcu.IP4=TIM2
Mcu.IP5=USART1
NVIC.SVCall_IRQn=true\:0\:0\:false\:false\:true\:false\:false
Mcu.IP2=SPI1
Mcu.IP3=SYS
SH.S_TIM2_CH2.0=TIM2_CH2,PWM Generation2 CH2
Mcu.IP0=NVIC
PA9.Mode=Asynchronous
Mcu.IP1=RCC
Mcu.UserConstants=
ProjectManager.TargetToolchain=STM32CubeIDE
Mcu.ThirdPartyNb=0
SPI1.Direction=SPI_DIRECTION_2LINES
PB7.GPIOParameters=GPIO_Label
Mcu.IPNb=6
TIM2.IPParameters=Channel-PWM Generation2 CH2,Prescaler,Period
ProjectManager.PreviousToolchain=
PA9.Signal=USART1_TX
SH.S_TIM2_CH2.ConfNb=1
SPI1.CalculateBaudRate=4.0 MBits/s
Mcu.Pin6=PA6
Mcu.Pin7=PA7
VP_TIM2_VS_ClockSourceINT.Signal=TIM2_VS_ClockSourceINT
ProjectManager.RegisterCallBack=
Mcu.Pin8=PA9
PC13-TAMPER-RTC.Locked=true
Mcu.Pin9=PA10
PA1.Signal=S_TIM2_CH2
Mcu.Pin0=PC13-TAMPER-RTC
Mcu.Pin1=PD0-OSC_IN
GPIO.groupedBy=Group By Peripherals
PD0-OSC_IN.Mode=HSE-External-Oscillator
Mcu.Pin2=PD1-OSC_OUT
Mcu.Pin3=PA1
Mcu.Pin4=PA4
Mcu.Pin5=PA5
PA5.Signal=SPI1_SCK
ProjectManager.ProjectBuild=false
NVIC.UsageFault_IRQn=true\:0\:0\:false\:false\:true\:false\:false
NVIC.DebugMonitor_IRQn=true\:0\:0\:false\:false\:true\:false\:false
board=custom
PA4.Locked=true
NVIC.SysTick_IRQn=true\:0\:0\:false\:false\:true\:false\:true
ProjectManager.LastFirmware=false
PC13-TAMPER-RTC.GPIO_Label=LED
ProjectManager.FirmwarePackage=STM32Cube FW_F1 V1.8.4
MxDb.Version=DB.6.0.21
RCC.APB2Freq_Value=8000000
ProjectManager.BackupPrevious=false
MxCube.Version=6.2.1
VP_TIM2_VS_ClockSourceINT.Mode=Internal
SPI1.Mode=SPI_MODE_MASTER
PA14.Mode=Serial_Wire
File.Version=6
VP_SYS_VS_Systick.Mode=SysTick
PB7.Signal=GPIO_Output
NVIC.NonMaskableInt_IRQn=true\:0\:0\:false\:false\:true\:false\:false
PA4.GPIOParameters=GPIO_Label
NVIC.PendSV_IRQn=true\:0\:0\:false\:false\:true\:false\:false
TIM2.Period=10000-1
PA13.Mode=Serial_Wire
ProjectManager.FreePins=false
RCC.IPParameters=APB1Freq_Value,APB2Freq_Value,FamilyName,PLLCLKFreq_Value,PLLMCOFreq_Value,TimSysFreq_Value
ProjectManager.AskForMigrate=true
Mcu.Name=STM32F103C(4-6)Tx
ProjectManager.HalAssertFull=false
ProjectManager.ProjectName=RFID_2
ProjectManager.UnderRoot=true
RCC.PLLMCOFreq_Value=4000000
ProjectManager.CoupleFile=false
PB7.GPIO_Label=AMTHANH
PA4.Signal=GPIO_Output
Mcu.Package=LQFP48
TIM2.Prescaler=16-1
PA6.Signal=SPI1_MISO
RCC.TimSysFreq_Value=8000000
NVIC.ForceEnableDMAVector=true
KeepUserPlacement=false
NVIC.MemoryManagement_IRQn=true\:0\:0\:false\:false\:true\:false\:false
USART1.VirtualMode=VM_ASYNC
ProjectManager.CompilerOptimize=6
ProjectManager.ToolChainLocation=
VP_SYS_VS_Systick.Signal=SYS_VS_Systick
PA10.Signal=USART1_RX
PA14.Signal=SYS_JTCK-SWCLK
ProjectManager.HeapSize=0x200
NVIC.HardFault_IRQn=true\:0\:0\:false\:false\:true\:false\:false
Mcu.Pin13=VP_SYS_VS_Systick
Mcu.Pin14=VP_TIM2_VS_ClockSourceINT
ProjectManager.ComputerToolchain=false
NVIC.PriorityGroup=NVIC_PRIORITYGROUP_4
Mcu.Pin11=PA14
Mcu.Pin12=PB7
Mcu.Pin10=PA13
PB7.Locked=true
NVIC.BusFault_IRQn=true\:0\:0\:false\:false\:true\:false\:false
NVIC.USART1_IRQn=true\:0\:0\:false\:false\:true\:true\:true
RCC.APB1Freq_Value=8000000
PA4.GPIO_Label=SS
ProjectManager.CustomerFirmwarePackage=
ProjectManager.DeviceId=STM32F103C6Tx
ProjectManager.LibraryCopy=1
PA5.Mode=Full_Duplex_Master
PA7.Signal=SPI1_MOSI
isbadioc=false
